
Microsoft Visual Studio Solution File, Format Version 12.00
# Visual Studio Version 17
VisualStudioVersion = 17.3.32811.315
MinimumVisualStudioVersion = 10.0.40219.1
Project("{FAE04EC0-301F-11D3-BF4B-00C04F79EFBC}") = "RajaOngkir", "RajaOngkir\RajaOngkir.csproj", "{5776BDB2-598C-4CA0-80A5-50328A7374DB}"
EndProject
Global
	GlobalSection(SolutionConfigurationPlatforms) = preSolution
		Debug|Any CPU = Debug|Any CPU
		Release|Any CPU = Release|Any CPU
	EndGlobalSection
	GlobalSection(ProjectConfigurationPlatforms) = postSolution
		{5776BDB2-598C-4CA0-80A5-50328A7374DB}.Debug|Any CPU.ActiveCfg = Debug|Any CPU
		{5776BDB2-598C-4CA0-80A5-50328A7374DB}.Debug|Any CPU.Build.0 = Debug|Any CPU
		{5776BDB2-598C-4CA0-80A5-50328A7374DB}.Release|Any CPU.ActiveCfg = Release|Any CPU
		{5776BDB2-598C-4CA0-80A5-50328A7374DB}.Release|Any CPU.Build.0 = Release|Any CPU
	EndGlobalSection
	GlobalSection(SolutionProperties) = preSolution
		HideSolutionNode = FALSE
	EndGlobalSection
	GlobalSection(ExtensibilityGlobals) = postSolution
		SolutionGuid = {786757AE-1816-463B-9DDE-C22535B291BB}
	EndGlobalSection
EndGlobal
